
Microsoft Visual Studio Solution File, Format Version 12.00
# Visual Studio Version 17
VisualStudioVersion = 17.11.35312.102
MinimumVisualStudioVersion = 10.0.40219.1
Project("{FAE04EC0-301F-11D3-BF4B-00C04F79EFBC}") = "bd_thongtinSV", "bd_thongtinSV\bd_thongtinSV.csproj", "{5E48FED5-FEE2-45CD-BB0B-700365123A1A}"
EndProject
Project("{FAE04EC0-301F-11D3-BF4B-00C04F79EFBC}") = "TextBoxBinding", "TextBoxBinding\TextBoxBinding.csproj", "{9B0D9E17-9AD5-48FB-8AB6-5C918B3A0AEE}"
EndProject
Project("{FAE04EC0-301F-11D3-BF4B-00C04F79EFBC}") = "SliderBinding", "SliderBinding\SliderBinding.csproj", "{C3F685D6-E8B3-4D39-81CC-9E53B5751D8D}"
EndProject
Global
	GlobalSection(SolutionConfigurationPlatforms) = preSolution
		Debug|Any CPU = Debug|Any CPU
		Release|Any CPU = Release|Any CPU
	EndGlobalSection
	GlobalSection(ProjectConfigurationPlatforms) = postSolution
		{5E48FED5-FEE2-45CD-BB0B-700365123A1A}.Debug|Any CPU.ActiveCfg = Debug|Any CPU
		{5E48FED5-FEE2-45CD-BB0B-700365123A1A}.Debug|Any CPU.Build.0 = Debug|Any CPU
		{5E48FED5-FEE2-45CD-BB0B-700365123A1A}.Release|Any CPU.ActiveCfg = Release|Any CPU
		{5E48FED5-FEE2-45CD-BB0B-700365123A1A}.Release|Any CPU.Build.0 = Release|Any CPU
		{9B0D9E17-9AD5-48FB-8AB6-5C918B3A0AEE}.Debug|Any CPU.ActiveCfg = Debug|Any CPU
		{9B0D9E17-9AD5-48FB-8AB6-5C918B3A0AEE}.Debug|Any CPU.Build.0 = Debug|Any CPU
		{9B0D9E17-9AD5-48FB-8AB6-5C918B3A0AEE}.Release|Any CPU.ActiveCfg = Release|Any CPU
		{9B0D9E17-9AD5-48FB-8AB6-5C918B3A0AEE}.Release|Any CPU.Build.0 = Release|Any CPU
		{C3F685D6-E8B3-4D39-81CC-9E53B5751D8D}.Debug|Any CPU.ActiveCfg = Debug|Any CPU
		{C3F685D6-E8B3-4D39-81CC-9E53B5751D8D}.Debug|Any CPU.Build.0 = Debug|Any CPU
		{C3F685D6-E8B3-4D39-81CC-9E53B5751D8D}.Release|Any CPU.ActiveCfg = Release|Any CPU
		{C3F685D6-E8B3-4D39-81CC-9E53B5751D8D}.Release|Any CPU.Build.0 = Release|Any CPU
	EndGlobalSection
	GlobalSection(SolutionProperties) = preSolution
		HideSolutionNode = FALSE
	EndGlobalSection
	GlobalSection(ExtensibilityGlobals) = postSolution
		SolutionGuid = {491C81CD-044B-4976-8208-1C8F07D9885D}
	EndGlobalSection
EndGlobal
