
Microsoft Visual Studio Solution File, Format Version 12.00
# Visual Studio Version 17
VisualStudioVersion = 17.11.35312.102
MinimumVisualStudioVersion = 10.0.40219.1
Project("{FAE04EC0-301F-11D3-BF4B-00C04F79EFBC}") = "SampleBinding", "SampleBinding\SampleBinding.csproj", "{5508229B-D143-4769-A174-1FAE3B3AA6CC}"
EndProject
Project("{FAE04EC0-301F-11D3-BF4B-00C04F79EFBC}") = "bd_thongtinSV", "bd_thongtinSV\bd_thongtinSV.csproj", "{CD356447-27C2-440F-B117-9FB25BCC2DB7}"
EndProject
Project("{FAE04EC0-301F-11D3-BF4B-00C04F79EFBC}") = "SliderBinding", "SliderBinding\SliderBinding.csproj", "{BEB83222-B53F-4F1E-BC3E-F021087220B1}"
EndProject
Project("{FAE04EC0-301F-11D3-BF4B-00C04F79EFBC}") = "TextBoxBinding", "TextBoxBinding\TextBoxBinding.csproj", "{29F954E0-1E36-4091-969D-D8207ECAD75B}"
EndProject
Project("{FAE04EC0-301F-11D3-BF4B-00C04F79EFBC}") = "color_binding", "color_binding\color_binding.csproj", "{154E3065-351A-43F7-9420-F191EE7E8E0C}"
EndProject
Project("{FAE04EC0-301F-11D3-BF4B-00C04F79EFBC}") = "inotify_intefaceImplement", "inotify_intefaceImplement\inotify_intefaceImplement.csproj", "{59117937-CBE5-4444-8422-766E6AFE23BA}"
EndProject
Global
	GlobalSection(SolutionConfigurationPlatforms) = preSolution
		Debug|Any CPU = Debug|Any CPU
		Release|Any CPU = Release|Any CPU
	EndGlobalSection
	GlobalSection(ProjectConfigurationPlatforms) = postSolution
		{5508229B-D143-4769-A174-1FAE3B3AA6CC}.Debug|Any CPU.ActiveCfg = Debug|Any CPU
		{5508229B-D143-4769-A174-1FAE3B3AA6CC}.Debug|Any CPU.Build.0 = Debug|Any CPU
		{5508229B-D143-4769-A174-1FAE3B3AA6CC}.Release|Any CPU.ActiveCfg = Release|Any CPU
		{5508229B-D143-4769-A174-1FAE3B3AA6CC}.Release|Any CPU.Build.0 = Release|Any CPU
		{CD356447-27C2-440F-B117-9FB25BCC2DB7}.Debug|Any CPU.ActiveCfg = Debug|Any CPU
		{CD356447-27C2-440F-B117-9FB25BCC2DB7}.Debug|Any CPU.Build.0 = Debug|Any CPU
		{CD356447-27C2-440F-B117-9FB25BCC2DB7}.Release|Any CPU.ActiveCfg = Release|Any CPU
		{CD356447-27C2-440F-B117-9FB25BCC2DB7}.Release|Any CPU.Build.0 = Release|Any CPU
		{BEB83222-B53F-4F1E-BC3E-F021087220B1}.Debug|Any CPU.ActiveCfg = Debug|Any CPU
		{BEB83222-B53F-4F1E-BC3E-F021087220B1}.Debug|Any CPU.Build.0 = Debug|Any CPU
		{BEB83222-B53F-4F1E-BC3E-F021087220B1}.Release|Any CPU.ActiveCfg = Release|Any CPU
		{BEB83222-B53F-4F1E-BC3E-F021087220B1}.Release|Any CPU.Build.0 = Release|Any CPU
		{29F954E0-1E36-4091-969D-D8207ECAD75B}.Debug|Any CPU.ActiveCfg = Debug|Any CPU
		{29F954E0-1E36-4091-969D-D8207ECAD75B}.Debug|Any CPU.Build.0 = Debug|Any CPU
		{29F954E0-1E36-4091-969D-D8207ECAD75B}.Release|Any CPU.ActiveCfg = Release|Any CPU
		{29F954E0-1E36-4091-969D-D8207ECAD75B}.Release|Any CPU.Build.0 = Release|Any CPU
		{154E3065-351A-43F7-9420-F191EE7E8E0C}.Debug|Any CPU.ActiveCfg = Debug|Any CPU
		{154E3065-351A-43F7-9420-F191EE7E8E0C}.Debug|Any CPU.Build.0 = Debug|Any CPU
		{154E3065-351A-43F7-9420-F191EE7E8E0C}.Release|Any CPU.ActiveCfg = Release|Any CPU
		{154E3065-351A-43F7-9420-F191EE7E8E0C}.Release|Any CPU.Build.0 = Release|Any CPU
		{59117937-CBE5-4444-8422-766E6AFE23BA}.Debug|Any CPU.ActiveCfg = Debug|Any CPU
		{59117937-CBE5-4444-8422-766E6AFE23BA}.Debug|Any CPU.Build.0 = Debug|Any CPU
		{59117937-CBE5-4444-8422-766E6AFE23BA}.Release|Any CPU.ActiveCfg = Release|Any CPU
		{59117937-CBE5-4444-8422-766E6AFE23BA}.Release|Any CPU.Build.0 = Release|Any CPU
	EndGlobalSection
	GlobalSection(SolutionProperties) = preSolution
		HideSolutionNode = FALSE
	EndGlobalSection
	GlobalSection(ExtensibilityGlobals) = postSolution
		SolutionGuid = {491C81CD-044B-4976-8208-1C8F07D9885D}
	EndGlobalSection
EndGlobal
